
Microsoft Visual Studio Solution File, Format Version 12.00
# Visual Studio Version 16
VisualStudioVersion = 16.0.30309.148
MinimumVisualStudioVersion = 10.0.40219.1
Project("{9A19103F-16F7-4668-BE54-9A1E7A4F7556}") = "DrugTimer.Server", "DrugTimer\Server\DrugTimer.Server.csproj", "{FA9E6170-9246-4669-B5A9-18FBC60A5A2C}"
EndProject
Project("{9A19103F-16F7-4668-BE54-9A1E7A4F7556}") = "DrugTimer.Client", "DrugTimer\Client\DrugTimer.Client.csproj", "{568682FE-28A9-49AC-8254-C7233B022963}"
EndProject
Project("{9A19103F-16F7-4668-BE54-9A1E7A4F7556}") = "DrugTimer.Shared", "DrugTimer\Shared\DrugTimer.Shared.csproj", "{F50E7E2D-9ED0-4817-A6E5-BECDF6D3AF02}"
EndProject
Global
	GlobalSection(SolutionConfigurationPlatforms) = preSolution
		Debug|Any CPU = Debug|Any CPU
		Release|Any CPU = Release|Any CPU
	EndGlobalSection
	GlobalSection(ProjectConfigurationPlatforms) = postSolution
		{FA9E6170-9246-4669-B5A9-18FBC60A5A2C}.Debug|Any CPU.ActiveCfg = Debug|Any CPU
		{FA9E6170-9246-4669-B5A9-18FBC60A5A2C}.Debug|Any CPU.Build.0 = Debug|Any CPU
		{FA9E6170-9246-4669-B5A9-18FBC60A5A2C}.Release|Any CPU.ActiveCfg = Release|Any CPU
		{FA9E6170-9246-4669-B5A9-18FBC60A5A2C}.Release|Any CPU.Build.0 = Release|Any CPU
		{568682FE-28A9-49AC-8254-C7233B022963}.Debug|Any CPU.ActiveCfg = Debug|Any CPU
		{568682FE-28A9-49AC-8254-C7233B022963}.Debug|Any CPU.Build.0 = Debug|Any CPU
		{568682FE-28A9-49AC-8254-C7233B022963}.Release|Any CPU.ActiveCfg = Release|Any CPU
		{568682FE-28A9-49AC-8254-C7233B022963}.Release|Any CPU.Build.0 = Release|Any CPU
		{F50E7E2D-9ED0-4817-A6E5-BECDF6D3AF02}.Debug|Any CPU.ActiveCfg = Debug|Any CPU
		{F50E7E2D-9ED0-4817-A6E5-BECDF6D3AF02}.Debug|Any CPU.Build.0 = Debug|Any CPU
		{F50E7E2D-9ED0-4817-A6E5-BECDF6D3AF02}.Release|Any CPU.ActiveCfg = Release|Any CPU
		{F50E7E2D-9ED0-4817-A6E5-BECDF6D3AF02}.Release|Any CPU.Build.0 = Release|Any CPU
	EndGlobalSection
	GlobalSection(SolutionProperties) = preSolution
		HideSolutionNode = FALSE
	EndGlobalSection
	GlobalSection(ExtensibilityGlobals) = postSolution
		SolutionGuid = {C5DFF2DE-42C7-4C95-A9A9-3CFE582839CB}
	EndGlobalSection
EndGlobal
